{
	"version": 4,
	"terraform_version": "1.6.4",
	"serial": 12,
	"lineage": "7a79cc87-6eee-473c-8619-ab1e66fc357d",
	"outputs": {},
	"resources": [
		{
			"mode": "managed",
			"type": "docker_container",
			"name": "nginx",
			"provider": "provider[\"registry.terraform.io/kreuzwerker/docker\"]",
			"instances": [
				{
					"schema_version": 2,
					"attributes": {
						"attach": false,
						"bridge": "",
						"capabilities": [],
						"cgroupns_mode": null,
						"command": ["nginx", "-g", "daemon off;"],
						"container_logs": null,
						"container_read_refresh_timeout_milliseconds": 15000,
						"cpu_set": "",
						"cpu_shares": 0,
						"destroy_grace_seconds": null,
						"devices": [],
						"dns": [],
						"dns_opts": [],
						"dns_search": [],
						"domainname": "",
						"entrypoint": ["/docker-entrypoint.sh"],
						"env": [],
						"exit_code": null,
						"gpus": null,
						"group_add": [],
						"healthcheck": [],
						"host": [],
						"hostname": "182b9e660027",
						"id": "182b9e660027679dba206fe8ebaf0c30791e68d5c3a9f2924087065f2f603489",
						"image": "sha256:a6bd71f48f6839d9faae1f29d3babef831e76bc213107682c5cc80f0cbb30866",
						"init": false,
						"ipc_mode": "private",
						"labels": [],
						"log_driver": "json-file",
						"log_opts": {},
						"logs": false,
						"max_retry_count": 0,
						"memory": 0,
						"memory_swap": 0,
						"mounts": [],
						"must_run": true,
						"name": "nginx-proxy",
						"network_data": [
							{
								"gateway": "172.17.0.1",
								"global_ipv6_address": "",
								"global_ipv6_prefix_length": 0,
								"ip_address": "172.17.0.2",
								"ip_prefix_length": 16,
								"ipv6_gateway": "",
								"mac_address": "02:42:ac:11:00:02",
								"network_name": "bridge"
							}
						],
						"network_mode": "default",
						"networks_advanced": [],
						"pid_mode": "",
						"ports": [
							{
								"external": 80,
								"internal": 80,
								"ip": "0.0.0.0",
								"protocol": "tcp"
							}
						],
						"privileged": false,
						"publish_all_ports": false,
						"read_only": false,
						"remove_volumes": true,
						"restart": "no",
						"rm": false,
						"runtime": "runc",
						"security_opts": [],
						"shm_size": 64,
						"start": true,
						"stdin_open": false,
						"stop_signal": "SIGQUIT",
						"stop_timeout": 0,
						"storage_opts": {},
						"sysctls": {},
						"tmpfs": {},
						"tty": false,
						"ulimit": [],
						"upload": [],
						"user": "",
						"userns_mode": "",
						"volumes": [],
						"wait": false,
						"wait_timeout": 60,
						"working_dir": ""
					},
					"sensitive_attributes": [],
					"private": "eyJzY2hlbWFfdmVyc2lvbiI6IjIifQ==",
					"dependencies": ["docker_image.nginx"]
				}
			]
		},
		{
			"mode": "managed",
			"type": "docker_container",
			"name": "svelte_manga",
			"provider": "provider[\"registry.terraform.io/kreuzwerker/docker\"]",
			"instances": [
				{
					"schema_version": 2,
					"attributes": {
						"attach": false,
						"bridge": "",
						"capabilities": [],
						"cgroupns_mode": null,
						"command": ["node", "build"],
						"container_logs": null,
						"container_read_refresh_timeout_milliseconds": 15000,
						"cpu_set": "",
						"cpu_shares": 0,
						"destroy_grace_seconds": null,
						"devices": [],
						"dns": null,
						"dns_opts": null,
						"dns_search": null,
						"domainname": "",
						"entrypoint": ["docker-entrypoint.sh"],
						"env": [],
						"exit_code": null,
						"gpus": null,
						"group_add": null,
						"healthcheck": null,
						"host": [],
						"hostname": "1bb8a3ca4a7f",
						"id": "1bb8a3ca4a7f8d7042f999ab743875f5e4b48d5a962fea2ef7cab9c1e2572b99",
						"image": "sha256:fd1ff576bd8e6adb1a6e6d53c1b65f629cd2f3a9c0c19d188ce4e007054a0101",
						"init": false,
						"ipc_mode": "private",
						"labels": [],
						"log_driver": "json-file",
						"log_opts": null,
						"logs": false,
						"max_retry_count": 0,
						"memory": 0,
						"memory_swap": 0,
						"mounts": [],
						"must_run": true,
						"name": "svelte-manga",
						"network_data": [
							{
								"gateway": "172.17.0.1",
								"global_ipv6_address": "",
								"global_ipv6_prefix_length": 0,
								"ip_address": "172.17.0.3",
								"ip_prefix_length": 16,
								"ipv6_gateway": "",
								"mac_address": "02:42:ac:11:00:03",
								"network_name": "bridge"
							}
						],
						"network_mode": "default",
						"networks_advanced": [],
						"pid_mode": "",
						"ports": [
							{
								"external": 3000,
								"internal": 3000,
								"ip": "0.0.0.0",
								"protocol": "tcp"
							}
						],
						"privileged": false,
						"publish_all_ports": false,
						"read_only": false,
						"remove_volumes": true,
						"restart": "no",
						"rm": false,
						"runtime": "runc",
						"security_opts": [],
						"shm_size": 64,
						"start": true,
						"stdin_open": false,
						"stop_signal": "",
						"stop_timeout": 0,
						"storage_opts": null,
						"sysctls": null,
						"tmpfs": null,
						"tty": false,
						"ulimit": [],
						"upload": [],
						"user": "svelte",
						"userns_mode": "",
						"volumes": [],
						"wait": false,
						"wait_timeout": 60,
						"working_dir": "/app"
					},
					"sensitive_attributes": [],
					"private": "eyJzY2hlbWFfdmVyc2lvbiI6IjIifQ==",
					"dependencies": ["docker_image.svelte_manga"]
				}
			]
		},
		{
			"mode": "managed",
			"type": "docker_image",
			"name": "nginx",
			"provider": "provider[\"registry.terraform.io/kreuzwerker/docker\"]",
			"instances": [
				{
					"schema_version": 0,
					"attributes": {
						"build": [],
						"force_remove": null,
						"id": "sha256:a6bd71f48f6839d9faae1f29d3babef831e76bc213107682c5cc80f0cbb30866nginx",
						"image_id": "sha256:a6bd71f48f6839d9faae1f29d3babef831e76bc213107682c5cc80f0cbb30866",
						"keep_locally": false,
						"name": "nginx",
						"platform": null,
						"pull_triggers": null,
						"repo_digest": "nginx@sha256:10d1f5b58f74683ad34eb29287e07dab1e90f10af243f151bb50aa5dbb4d62ee",
						"triggers": null
					},
					"sensitive_attributes": [],
					"private": "bnVsbA=="
				}
			]
		},
		{
			"mode": "managed",
			"type": "docker_image",
			"name": "svelte_manga",
			"provider": "provider[\"registry.terraform.io/kreuzwerker/docker\"]",
			"instances": [
				{
					"schema_version": 0,
					"attributes": {
						"build": [],
						"force_remove": null,
						"id": "sha256:fd1ff576bd8e6adb1a6e6d53c1b65f629cd2f3a9c0c19d188ce4e007054a0101valiantlynx/svelte-manga",
						"image_id": "sha256:fd1ff576bd8e6adb1a6e6d53c1b65f629cd2f3a9c0c19d188ce4e007054a0101",
						"keep_locally": true,
						"name": "valiantlynx/svelte-manga",
						"platform": null,
						"pull_triggers": null,
						"repo_digest": "valiantlynx/svelte-manga@sha256:1eb36b0a54fc86da9ad4ac8cbb444c462b1f84eaa53497ff73affcb585ad4feb",
						"triggers": null
					},
					"sensitive_attributes": [],
					"private": "bnVsbA=="
				}
			]
		}
	],
	"check_results": null
}
